
Microsoft Visual Studio Solution File, Format Version 12.00
# Visual Studio Version 17
VisualStudioVersion = 17.4.33213.308
MinimumVisualStudioVersion = 10.0.40219.1
Project("{FAE04EC0-301F-11D3-BF4B-00C04F79EFBC}") = "BaseApp.XamPrism", "BaseApp.XamPrism\BaseApp.XamPrism\BaseApp.XamPrism.csproj", "{D9852A27-8159-4F93-A9BD-7F84C666D176}"
EndProject
Project("{FAE04EC0-301F-11D3-BF4B-00C04F79EFBC}") = "BaseApp.XamPrism.Android", "BaseApp.XamPrism\BaseApp.XamPrism.Android\BaseApp.XamPrism.Android.csproj", "{1429D9DA-73D9-4346-890A-1D1FF4290203}"
EndProject
Project("{FAE04EC0-301F-11D3-BF4B-00C04F79EFBC}") = "BaseApp.XamPrism.iOS", "BaseApp.XamPrism\BaseApp.XamPrism.iOS\BaseApp.XamPrism.iOS.csproj", "{4F1F1E64-9A69-43E3-B70A-2615E9DB5E16}"
EndProject
Global
	GlobalSection(SolutionConfigurationPlatforms) = preSolution
		Ad-Hoc|Any CPU = Ad-Hoc|Any CPU
		Ad-Hoc|iPhone = Ad-Hoc|iPhone
		Ad-Hoc|iPhoneSimulator = Ad-Hoc|iPhoneSimulator
		AppStore|Any CPU = AppStore|Any CPU
		AppStore|iPhone = AppStore|iPhone
		AppStore|iPhoneSimulator = AppStore|iPhoneSimulator
		Debug|Any CPU = Debug|Any CPU
		Debug|iPhone = Debug|iPhone
		Debug|iPhoneSimulator = Debug|iPhoneSimulator
		Release|Any CPU = Release|Any CPU
		Release|iPhone = Release|iPhone
		Release|iPhoneSimulator = Release|iPhoneSimulator
	EndGlobalSection
	GlobalSection(ProjectConfigurationPlatforms) = postSolution
		{D9852A27-8159-4F93-A9BD-7F84C666D176}.Ad-Hoc|Any CPU.ActiveCfg = Debug|Any CPU
		{D9852A27-8159-4F93-A9BD-7F84C666D176}.Ad-Hoc|Any CPU.Build.0 = Debug|Any CPU
		{D9852A27-8159-4F93-A9BD-7F84C666D176}.Ad-Hoc|iPhone.ActiveCfg = Debug|Any CPU
		{D9852A27-8159-4F93-A9BD-7F84C666D176}.Ad-Hoc|iPhone.Build.0 = Debug|Any CPU
		{D9852A27-8159-4F93-A9BD-7F84C666D176}.Ad-Hoc|iPhoneSimulator.ActiveCfg = Debug|Any CPU
		{D9852A27-8159-4F93-A9BD-7F84C666D176}.Ad-Hoc|iPhoneSimulator.Build.0 = Debug|Any CPU
		{D9852A27-8159-4F93-A9BD-7F84C666D176}.AppStore|Any CPU.ActiveCfg = Debug|Any CPU
		{D9852A27-8159-4F93-A9BD-7F84C666D176}.AppStore|Any CPU.Build.0 = Debug|Any CPU
		{D9852A27-8159-4F93-A9BD-7F84C666D176}.AppStore|iPhone.ActiveCfg = Debug|Any CPU
		{D9852A27-8159-4F93-A9BD-7F84C666D176}.AppStore|iPhone.Build.0 = Debug|Any CPU
		{D9852A27-8159-4F93-A9BD-7F84C666D176}.AppStore|iPhoneSimulator.ActiveCfg = Debug|Any CPU
		{D9852A27-8159-4F93-A9BD-7F84C666D176}.AppStore|iPhoneSimulator.Build.0 = Debug|Any CPU
		{D9852A27-8159-4F93-A9BD-7F84C666D176}.Debug|Any CPU.ActiveCfg = Debug|Any CPU
		{D9852A27-8159-4F93-A9BD-7F84C666D176}.Debug|Any CPU.Build.0 = Debug|Any CPU
		{D9852A27-8159-4F93-A9BD-7F84C666D176}.Debug|iPhone.ActiveCfg = Debug|Any CPU
		{D9852A27-8159-4F93-A9BD-7F84C666D176}.Debug|iPhone.Build.0 = Debug|Any CPU
		{D9852A27-8159-4F93-A9BD-7F84C666D176}.Debug|iPhoneSimulator.ActiveCfg = Debug|Any CPU
		{D9852A27-8159-4F93-A9BD-7F84C666D176}.Debug|iPhoneSimulator.Build.0 = Debug|Any CPU
		{D9852A27-8159-4F93-A9BD-7F84C666D176}.Release|Any CPU.ActiveCfg = Release|Any CPU
		{D9852A27-8159-4F93-A9BD-7F84C666D176}.Release|Any CPU.Build.0 = Release|Any CPU
		{D9852A27-8159-4F93-A9BD-7F84C666D176}.Release|iPhone.ActiveCfg = Release|Any CPU
		{D9852A27-8159-4F93-A9BD-7F84C666D176}.Release|iPhone.Build.0 = Release|Any CPU
		{D9852A27-8159-4F93-A9BD-7F84C666D176}.Release|iPhoneSimulator.ActiveCfg = Release|Any CPU
		{D9852A27-8159-4F93-A9BD-7F84C666D176}.Release|iPhoneSimulator.Build.0 = Release|Any CPU
		{1429D9DA-73D9-4346-890A-1D1FF4290203}.Ad-Hoc|Any CPU.ActiveCfg = Debug|Any CPU
		{1429D9DA-73D9-4346-890A-1D1FF4290203}.Ad-Hoc|Any CPU.Build.0 = Debug|Any CPU
		{1429D9DA-73D9-4346-890A-1D1FF4290203}.Ad-Hoc|Any CPU.Deploy.0 = Debug|Any CPU
		{1429D9DA-73D9-4346-890A-1D1FF4290203}.Ad-Hoc|iPhone.ActiveCfg = Debug|Any CPU
		{1429D9DA-73D9-4346-890A-1D1FF4290203}.Ad-Hoc|iPhone.Build.0 = Debug|Any CPU
		{1429D9DA-73D9-4346-890A-1D1FF4290203}.Ad-Hoc|iPhone.Deploy.0 = Debug|Any CPU
		{1429D9DA-73D9-4346-890A-1D1FF4290203}.Ad-Hoc|iPhoneSimulator.ActiveCfg = Debug|Any CPU
		{1429D9DA-73D9-4346-890A-1D1FF4290203}.Ad-Hoc|iPhoneSimulator.Build.0 = Debug|Any CPU
		{1429D9DA-73D9-4346-890A-1D1FF4290203}.Ad-Hoc|iPhoneSimulator.Deploy.0 = Debug|Any CPU
		{1429D9DA-73D9-4346-890A-1D1FF4290203}.AppStore|Any CPU.ActiveCfg = Debug|Any CPU
		{1429D9DA-73D9-4346-890A-1D1FF4290203}.AppStore|Any CPU.Build.0 = Debug|Any CPU
		{1429D9DA-73D9-4346-890A-1D1FF4290203}.AppStore|Any CPU.Deploy.0 = Debug|Any CPU
		{1429D9DA-73D9-4346-890A-1D1FF4290203}.AppStore|iPhone.ActiveCfg = Debug|Any CPU
		{1429D9DA-73D9-4346-890A-1D1FF4290203}.AppStore|iPhone.Build.0 = Debug|Any CPU
		{1429D9DA-73D9-4346-890A-1D1FF4290203}.AppStore|iPhone.Deploy.0 = Debug|Any CPU
		{1429D9DA-73D9-4346-890A-1D1FF4290203}.AppStore|iPhoneSimulator.ActiveCfg = Debug|Any CPU
		{1429D9DA-73D9-4346-890A-1D1FF4290203}.AppStore|iPhoneSimulator.Build.0 = Debug|Any CPU
		{1429D9DA-73D9-4346-890A-1D1FF4290203}.AppStore|iPhoneSimulator.Deploy.0 = Debug|Any CPU
		{1429D9DA-73D9-4346-890A-1D1FF4290203}.Debug|Any CPU.ActiveCfg = Debug|Any CPU
		{1429D9DA-73D9-4346-890A-1D1FF4290203}.Debug|Any CPU.Build.0 = Debug|Any CPU
		{1429D9DA-73D9-4346-890A-1D1FF4290203}.Debug|Any CPU.Deploy.0 = Debug|Any CPU
		{1429D9DA-73D9-4346-890A-1D1FF4290203}.Debug|iPhone.ActiveCfg = Debug|Any CPU
		{1429D9DA-73D9-4346-890A-1D1FF4290203}.Debug|iPhone.Build.0 = Debug|Any CPU
		{1429D9DA-73D9-4346-890A-1D1FF4290203}.Debug|iPhone.Deploy.0 = Debug|Any CPU
		{1429D9DA-73D9-4346-890A-1D1FF4290203}.Debug|iPhoneSimulator.ActiveCfg = Debug|Any CPU
		{1429D9DA-73D9-4346-890A-1D1FF4290203}.Debug|iPhoneSimulator.Build.0 = Debug|Any CPU
		{1429D9DA-73D9-4346-890A-1D1FF4290203}.Debug|iPhoneSimulator.Deploy.0 = Debug|Any CPU
		{1429D9DA-73D9-4346-890A-1D1FF4290203}.Release|Any CPU.ActiveCfg = Release|Any CPU
		{1429D9DA-73D9-4346-890A-1D1FF4290203}.Release|Any CPU.Build.0 = Release|Any CPU
		{1429D9DA-73D9-4346-890A-1D1FF4290203}.Release|Any CPU.Deploy.0 = Release|Any CPU
		{1429D9DA-73D9-4346-890A-1D1FF4290203}.Release|iPhone.ActiveCfg = Release|Any CPU
		{1429D9DA-73D9-4346-890A-1D1FF4290203}.Release|iPhone.Build.0 = Release|Any CPU
		{1429D9DA-73D9-4346-890A-1D1FF4290203}.Release|iPhone.Deploy.0 = Release|Any CPU
		{1429D9DA-73D9-4346-890A-1D1FF4290203}.Release|iPhoneSimulator.ActiveCfg = Release|Any CPU
		{1429D9DA-73D9-4346-890A-1D1FF4290203}.Release|iPhoneSimulator.Build.0 = Release|Any CPU
		{1429D9DA-73D9-4346-890A-1D1FF4290203}.Release|iPhoneSimulator.Deploy.0 = Release|Any CPU
		{4F1F1E64-9A69-43E3-B70A-2615E9DB5E16}.Ad-Hoc|Any CPU.ActiveCfg = Ad-Hoc|iPhoneSimulator
		{4F1F1E64-9A69-43E3-B70A-2615E9DB5E16}.Ad-Hoc|Any CPU.Build.0 = Ad-Hoc|iPhoneSimulator
		{4F1F1E64-9A69-43E3-B70A-2615E9DB5E16}.Ad-Hoc|iPhone.ActiveCfg = Ad-Hoc|iPhone
		{4F1F1E64-9A69-43E3-B70A-2615E9DB5E16}.Ad-Hoc|iPhone.Build.0 = Ad-Hoc|iPhone
		{4F1F1E64-9A69-43E3-B70A-2615E9DB5E16}.Ad-Hoc|iPhoneSimulator.ActiveCfg = Ad-Hoc|iPhoneSimulator
		{4F1F1E64-9A69-43E3-B70A-2615E9DB5E16}.Ad-Hoc|iPhoneSimulator.Build.0 = Ad-Hoc|iPhoneSimulator
		{4F1F1E64-9A69-43E3-B70A-2615E9DB5E16}.AppStore|Any CPU.ActiveCfg = AppStore|iPhoneSimulator
		{4F1F1E64-9A69-43E3-B70A-2615E9DB5E16}.AppStore|Any CPU.Build.0 = AppStore|iPhoneSimulator
		{4F1F1E64-9A69-43E3-B70A-2615E9DB5E16}.AppStore|iPhone.ActiveCfg = AppStore|iPhone
		{4F1F1E64-9A69-43E3-B70A-2615E9DB5E16}.AppStore|iPhone.Build.0 = AppStore|iPhone
		{4F1F1E64-9A69-43E3-B70A-2615E9DB5E16}.AppStore|iPhoneSimulator.ActiveCfg = AppStore|iPhoneSimulator
		{4F1F1E64-9A69-43E3-B70A-2615E9DB5E16}.AppStore|iPhoneSimulator.Build.0 = AppStore|iPhoneSimulator
		{4F1F1E64-9A69-43E3-B70A-2615E9DB5E16}.Debug|Any CPU.ActiveCfg = Debug|iPhoneSimulator
		{4F1F1E64-9A69-43E3-B70A-2615E9DB5E16}.Debug|Any CPU.Build.0 = Debug|iPhoneSimulator
		{4F1F1E64-9A69-43E3-B70A-2615E9DB5E16}.Debug|iPhone.ActiveCfg = Debug|iPhone
		{4F1F1E64-9A69-43E3-B70A-2615E9DB5E16}.Debug|iPhone.Build.0 = Debug|iPhone
		{4F1F1E64-9A69-43E3-B70A-2615E9DB5E16}.Debug|iPhoneSimulator.ActiveCfg = Debug|iPhoneSimulator
		{4F1F1E64-9A69-43E3-B70A-2615E9DB5E16}.Debug|iPhoneSimulator.Build.0 = Debug|iPhoneSimulator
		{4F1F1E64-9A69-43E3-B70A-2615E9DB5E16}.Release|Any CPU.ActiveCfg = Release|iPhoneSimulator
		{4F1F1E64-9A69-43E3-B70A-2615E9DB5E16}.Release|Any CPU.Build.0 = Release|iPhoneSimulator
		{4F1F1E64-9A69-43E3-B70A-2615E9DB5E16}.Release|iPhone.ActiveCfg = Release|iPhone
		{4F1F1E64-9A69-43E3-B70A-2615E9DB5E16}.Release|iPhone.Build.0 = Release|iPhone
		{4F1F1E64-9A69-43E3-B70A-2615E9DB5E16}.Release|iPhoneSimulator.ActiveCfg = Release|iPhoneSimulator
		{4F1F1E64-9A69-43E3-B70A-2615E9DB5E16}.Release|iPhoneSimulator.Build.0 = Release|iPhoneSimulator
	EndGlobalSection
	GlobalSection(SolutionProperties) = preSolution
		HideSolutionNode = FALSE
	EndGlobalSection
	GlobalSection(ExtensibilityGlobals) = postSolution
		SolutionGuid = {5BC5BBFF-5F66-4810-A1AE-A29B21B7B4AC}
	EndGlobalSection
EndGlobal
